
Microsoft Visual Studio Solution File, Format Version 12.00
# Visual Studio Version 16
VisualStudioVersion = 16.0.31129.286
MinimumVisualStudioVersion = 10.0.40219.1
Project("{FAE04EC0-301F-11D3-BF4B-00C04F79EFBC}") = "CreateBitmap", "CreateBitmap.csproj", "{CBCAE90D-0FF2-41DB-8CFD-CBFDD5A023F9}"
EndProject
Global
	GlobalSection(SolutionConfigurationPlatforms) = preSolution
		Debug|Any CPU = Debug|Any CPU
		Release|Any CPU = Release|Any CPU
	EndGlobalSection
	GlobalSection(ProjectConfigurationPlatforms) = postSolution
		{CBCAE90D-0FF2-41DB-8CFD-CBFDD5A023F9}.Debug|Any CPU.ActiveCfg = Debug|Any CPU
		{CBCAE90D-0FF2-41DB-8CFD-CBFDD5A023F9}.Debug|Any CPU.Build.0 = Debug|Any CPU
		{CBCAE90D-0FF2-41DB-8CFD-CBFDD5A023F9}.Release|Any CPU.ActiveCfg = Release|Any CPU
		{CBCAE90D-0FF2-41DB-8CFD-CBFDD5A023F9}.Release|Any CPU.Build.0 = Release|Any CPU
	EndGlobalSection
	GlobalSection(SolutionProperties) = preSolution
		HideSolutionNode = FALSE
	EndGlobalSection
	GlobalSection(ExtensibilityGlobals) = postSolution
		SolutionGuid = {4EF5A4AD-97B3-4866-888B-5A5DDBA2DF76}
	EndGlobalSection
EndGlobal
